
Microsoft Visual Studio Solution File, Format Version 12.00
# Visual Studio 14
VisualStudioVersion = 14.0.25420.1
MinimumVisualStudioVersion = 10.0.40219.1
Project("{FAE04EC0-301F-11D3-BF4B-00C04F79EFBC}") = "Project", "Project\Project.csproj", "{B426BE2A-7158-4BF6-8540-E056FB2C9F3C}"
EndProject
Project("{FAE04EC0-301F-11D3-BF4B-00C04F79EFBC}") = "ProjectService", "ProjectService\ProjectService.csproj", "{83943A10-754C-4998-82D6-706E9EA79592}"
EndProject
Global
	GlobalSection(SolutionConfigurationPlatforms) = preSolution
		Debug|Any CPU = Debug|Any CPU
		Debug|ARM = Debug|ARM
		Debug|x64 = Debug|x64
		Debug|x86 = Debug|x86
		Release|Any CPU = Release|Any CPU
		Release|ARM = Release|ARM
		Release|x64 = Release|x64
		Release|x86 = Release|x86
	EndGlobalSection
	GlobalSection(ProjectConfigurationPlatforms) = postSolution
		{B426BE2A-7158-4BF6-8540-E056FB2C9F3C}.Debug|Any CPU.ActiveCfg = Debug|x86
		{B426BE2A-7158-4BF6-8540-E056FB2C9F3C}.Debug|ARM.ActiveCfg = Debug|ARM
		{B426BE2A-7158-4BF6-8540-E056FB2C9F3C}.Debug|ARM.Build.0 = Debug|ARM
		{B426BE2A-7158-4BF6-8540-E056FB2C9F3C}.Debug|ARM.Deploy.0 = Debug|ARM
		{B426BE2A-7158-4BF6-8540-E056FB2C9F3C}.Debug|x64.ActiveCfg = Debug|x64
		{B426BE2A-7158-4BF6-8540-E056FB2C9F3C}.Debug|x64.Build.0 = Debug|x64
		{B426BE2A-7158-4BF6-8540-E056FB2C9F3C}.Debug|x64.Deploy.0 = Debug|x64
		{B426BE2A-7158-4BF6-8540-E056FB2C9F3C}.Debug|x86.ActiveCfg = Debug|x86
		{B426BE2A-7158-4BF6-8540-E056FB2C9F3C}.Debug|x86.Build.0 = Debug|x86
		{B426BE2A-7158-4BF6-8540-E056FB2C9F3C}.Debug|x86.Deploy.0 = Debug|x86
		{B426BE2A-7158-4BF6-8540-E056FB2C9F3C}.Release|Any CPU.ActiveCfg = Release|x86
		{B426BE2A-7158-4BF6-8540-E056FB2C9F3C}.Release|ARM.ActiveCfg = Release|ARM
		{B426BE2A-7158-4BF6-8540-E056FB2C9F3C}.Release|ARM.Build.0 = Release|ARM
		{B426BE2A-7158-4BF6-8540-E056FB2C9F3C}.Release|ARM.Deploy.0 = Release|ARM
		{B426BE2A-7158-4BF6-8540-E056FB2C9F3C}.Release|x64.ActiveCfg = Release|x64
		{B426BE2A-7158-4BF6-8540-E056FB2C9F3C}.Release|x64.Build.0 = Release|x64
		{B426BE2A-7158-4BF6-8540-E056FB2C9F3C}.Release|x64.Deploy.0 = Release|x64
		{B426BE2A-7158-4BF6-8540-E056FB2C9F3C}.Release|x86.ActiveCfg = Release|x86
		{B426BE2A-7158-4BF6-8540-E056FB2C9F3C}.Release|x86.Build.0 = Release|x86
		{B426BE2A-7158-4BF6-8540-E056FB2C9F3C}.Release|x86.Deploy.0 = Release|x86
		{83943A10-754C-4998-82D6-706E9EA79592}.Debug|Any CPU.ActiveCfg = Debug|Any CPU
		{83943A10-754C-4998-82D6-706E9EA79592}.Debug|Any CPU.Build.0 = Debug|Any CPU
		{83943A10-754C-4998-82D6-706E9EA79592}.Debug|ARM.ActiveCfg = Debug|Any CPU
		{83943A10-754C-4998-82D6-706E9EA79592}.Debug|ARM.Build.0 = Debug|Any CPU
		{83943A10-754C-4998-82D6-706E9EA79592}.Debug|x64.ActiveCfg = Debug|Any CPU
		{83943A10-754C-4998-82D6-706E9EA79592}.Debug|x64.Build.0 = Debug|Any CPU
		{83943A10-754C-4998-82D6-706E9EA79592}.Debug|x86.ActiveCfg = Debug|Any CPU
		{83943A10-754C-4998-82D6-706E9EA79592}.Debug|x86.Build.0 = Debug|Any CPU
		{83943A10-754C-4998-82D6-706E9EA79592}.Release|Any CPU.ActiveCfg = Release|Any CPU
		{83943A10-754C-4998-82D6-706E9EA79592}.Release|Any CPU.Build.0 = Release|Any CPU
		{83943A10-754C-4998-82D6-706E9EA79592}.Release|ARM.ActiveCfg = Release|Any CPU
		{83943A10-754C-4998-82D6-706E9EA79592}.Release|ARM.Build.0 = Release|Any CPU
		{83943A10-754C-4998-82D6-706E9EA79592}.Release|x64.ActiveCfg = Release|Any CPU
		{83943A10-754C-4998-82D6-706E9EA79592}.Release|x64.Build.0 = Release|Any CPU
		{83943A10-754C-4998-82D6-706E9EA79592}.Release|x86.ActiveCfg = Release|Any CPU
		{83943A10-754C-4998-82D6-706E9EA79592}.Release|x86.Build.0 = Release|Any CPU
	EndGlobalSection
	GlobalSection(SolutionProperties) = preSolution
		HideSolutionNode = FALSE
	EndGlobalSection
EndGlobal
